
Microsoft Visual Studio Solution File, Format Version 12.00
# Visual Studio 14
VisualStudioVersion = 14.0.23107.0
MinimumVisualStudioVersion = 10.0.40219.1
Project("{FAE04EC0-301F-11D3-BF4B-00C04F79EFBC}") = "Prequel.Library", "Prequel\Prequel.Library.csproj", "{524524FD-9882-4CE7-9208-5AEF0552B6ED}"
EndProject
Project("{FAE04EC0-301F-11D3-BF4B-00C04F79EFBC}") = "Prequel.Tests", "Prequel.Tests\Prequel.Tests.csproj", "{FF6B7B41-E2D2-4E17-9F18-CEE46CB7D3E5}"
EndProject
Project("{FAE04EC0-301F-11D3-BF4B-00C04F79EFBC}") = "Prequel.exe", "Prequel.exe\Prequel.exe.csproj", "{2343C1AC-134F-400A-9B3C-9ED44EBA8273}"
EndProject
Project("{FAE04EC0-301F-11D3-BF4B-00C04F79EFBC}") = "GenerateDocs", "GenerateDocs\GenerateDocs.csproj", "{9C82F659-178B-4B55-9268-D361718ECEAC}"
EndProject
Project("{2150E333-8FDC-42A3-9474-1A3956D46DE8}") = "Solution Items", "Solution Items", "{42C60949-B568-4507-849D-4DD7FACBDDBD}"
EndProject
Project("{00D1A9C2-B5F0-4AF3-8072-F6C62B433612}") = "TestSql", "TestSql\TestSql.sqlproj", "{F767F477-1414-4821-A434-837EAB38FF08}"
EndProject
Global
	GlobalSection(SolutionConfigurationPlatforms) = preSolution
		Debug|Any CPU = Debug|Any CPU
		Release|Any CPU = Release|Any CPU
	EndGlobalSection
	GlobalSection(ProjectConfigurationPlatforms) = postSolution
		{524524FD-9882-4CE7-9208-5AEF0552B6ED}.Debug|Any CPU.ActiveCfg = Debug|Any CPU
		{524524FD-9882-4CE7-9208-5AEF0552B6ED}.Debug|Any CPU.Build.0 = Debug|Any CPU
		{524524FD-9882-4CE7-9208-5AEF0552B6ED}.Release|Any CPU.ActiveCfg = Release|Any CPU
		{524524FD-9882-4CE7-9208-5AEF0552B6ED}.Release|Any CPU.Build.0 = Release|Any CPU
		{FF6B7B41-E2D2-4E17-9F18-CEE46CB7D3E5}.Debug|Any CPU.ActiveCfg = Debug|Any CPU
		{FF6B7B41-E2D2-4E17-9F18-CEE46CB7D3E5}.Debug|Any CPU.Build.0 = Debug|Any CPU
		{FF6B7B41-E2D2-4E17-9F18-CEE46CB7D3E5}.Release|Any CPU.ActiveCfg = Release|Any CPU
		{FF6B7B41-E2D2-4E17-9F18-CEE46CB7D3E5}.Release|Any CPU.Build.0 = Release|Any CPU
		{2343C1AC-134F-400A-9B3C-9ED44EBA8273}.Debug|Any CPU.ActiveCfg = Debug|Any CPU
		{2343C1AC-134F-400A-9B3C-9ED44EBA8273}.Debug|Any CPU.Build.0 = Debug|Any CPU
		{2343C1AC-134F-400A-9B3C-9ED44EBA8273}.Release|Any CPU.ActiveCfg = Release|Any CPU
		{2343C1AC-134F-400A-9B3C-9ED44EBA8273}.Release|Any CPU.Build.0 = Release|Any CPU
		{9C82F659-178B-4B55-9268-D361718ECEAC}.Debug|Any CPU.ActiveCfg = Debug|Any CPU
		{9C82F659-178B-4B55-9268-D361718ECEAC}.Debug|Any CPU.Build.0 = Debug|Any CPU
		{9C82F659-178B-4B55-9268-D361718ECEAC}.Release|Any CPU.ActiveCfg = Release|Any CPU
		{9C82F659-178B-4B55-9268-D361718ECEAC}.Release|Any CPU.Build.0 = Release|Any CPU
		{F767F477-1414-4821-A434-837EAB38FF08}.Debug|Any CPU.ActiveCfg = Debug|Any CPU
		{F767F477-1414-4821-A434-837EAB38FF08}.Debug|Any CPU.Build.0 = Debug|Any CPU
		{F767F477-1414-4821-A434-837EAB38FF08}.Debug|Any CPU.Deploy.0 = Debug|Any CPU
		{F767F477-1414-4821-A434-837EAB38FF08}.Release|Any CPU.ActiveCfg = Release|Any CPU
		{F767F477-1414-4821-A434-837EAB38FF08}.Release|Any CPU.Build.0 = Release|Any CPU
		{F767F477-1414-4821-A434-837EAB38FF08}.Release|Any CPU.Deploy.0 = Release|Any CPU
	EndGlobalSection
	GlobalSection(SolutionProperties) = preSolution
		HideSolutionNode = FALSE
	EndGlobalSection
EndGlobal
